
Microsoft Visual Studio Solution File, Format Version 12.00
# Visual Studio Version 17
VisualStudioVersion = 17.13.35825.156 d17.13
MinimumVisualStudioVersion = 10.0.40219.1
Project("{FAE04EC0-301F-11D3-BF4B-00C04F79EFBC}") = "Ice_Task_3", "Ice_Task_3\Ice_Task_3.csproj", "{BD1FD614-20C6-47EE-93E5-BA4569850F1F}"
EndProject
Global
	GlobalSection(SolutionConfigurationPlatforms) = preSolution
		Debug|Any CPU = Debug|Any CPU
		Release|Any CPU = Release|Any CPU
	EndGlobalSection
	GlobalSection(ProjectConfigurationPlatforms) = postSolution
		{BD1FD614-20C6-47EE-93E5-BA4569850F1F}.Debug|Any CPU.ActiveCfg = Debug|Any CPU
		{BD1FD614-20C6-47EE-93E5-BA4569850F1F}.Debug|Any CPU.Build.0 = Debug|Any CPU
		{BD1FD614-20C6-47EE-93E5-BA4569850F1F}.Release|Any CPU.ActiveCfg = Release|Any CPU
		{BD1FD614-20C6-47EE-93E5-BA4569850F1F}.Release|Any CPU.Build.0 = Release|Any CPU
	EndGlobalSection
	GlobalSection(SolutionProperties) = preSolution
		HideSolutionNode = FALSE
	EndGlobalSection
	GlobalSection(ExtensibilityGlobals) = postSolution
		SolutionGuid = {A4E7EB85-DEB2-4FB1-9CE1-7B20383ADADF}
	EndGlobalSection
EndGlobal
